
Microsoft Visual Studio Solution File, Format Version 12.00
# Visual Studio 15
VisualStudioVersion = 15.0.27004.2010
MinimumVisualStudioVersion = 10.0.40219.1
Project("{FAE04EC0-301F-11D3-BF4B-00C04F79EFBC}") = "PictureView", "PictureView\PictureView.csproj", "{AF80568E-0C24-4CA9-BC4B-368CE4BBF9BF}"
EndProject
Global
	GlobalSection(SolutionConfigurationPlatforms) = preSolution
		Debug|Any CPU = Debug|Any CPU
		Release|Any CPU = Release|Any CPU
	EndGlobalSection
	GlobalSection(ProjectConfigurationPlatforms) = postSolution
		{AF80568E-0C24-4CA9-BC4B-368CE4BBF9BF}.Debug|Any CPU.ActiveCfg = Debug|Any CPU
		{AF80568E-0C24-4CA9-BC4B-368CE4BBF9BF}.Debug|Any CPU.Build.0 = Debug|Any CPU
		{AF80568E-0C24-4CA9-BC4B-368CE4BBF9BF}.Release|Any CPU.ActiveCfg = Release|Any CPU
		{AF80568E-0C24-4CA9-BC4B-368CE4BBF9BF}.Release|Any CPU.Build.0 = Release|Any CPU
	EndGlobalSection
	GlobalSection(SolutionProperties) = preSolution
		HideSolutionNode = FALSE
	EndGlobalSection
	GlobalSection(ExtensibilityGlobals) = postSolution
		SolutionGuid = {33405733-47F8-4427-96B6-606DE25E8F83}
	EndGlobalSection
EndGlobal
